
Microsoft Visual Studio Solution File, Format Version 11.00
# Visual Studio 2010
Project("{FAE04EC0-301F-11D3-BF4B-00C04F79EFBC}") = "UnityEngine.UI", "UnityEngine.UI.csproj", "{9dfa2c13-fad1-b328-8431-c57c2f47642f}"
EndProject
Project("{FAE04EC0-301F-11D3-BF4B-00C04F79EFBC}") = "Unity.RenderPipelines.Core.Runtime", "Unity.RenderPipelines.Core.Runtime.csproj", "{debcdb10-c224-c336-d78c-799fb33b75cb}"
EndProject
Project("{FAE04EC0-301F-11D3-BF4B-00C04F79EFBC}") = "UnityEngine.TestRunner", "UnityEngine.TestRunner.csproj", "{bf02ef18-8c68-3205-e2d5-6c0c2df0e361}"
EndProject
Project("{FAE04EC0-301F-11D3-BF4B-00C04F79EFBC}") = "Unity.Mathematics", "Unity.Mathematics.csproj", "{e957ce11-43f7-e844-53a4-23d536e9eb10}"
EndProject
Project("{FAE04EC0-301F-11D3-BF4B-00C04F79EFBC}") = "Unity.InputSystem", "Unity.InputSystem.csproj", "{09f6950f-a245-6d3d-a16c-09c9aa84cb9e}"
EndProject
Project("{FAE04EC0-301F-11D3-BF4B-00C04F79EFBC}") = "Unity.RenderPipelines.Universal.Runtime", "Unity.RenderPipelines.Universal.Runtime.csproj", "{966d692d-feaf-9e27-3d2c-bc52d3ff2fb6}"
EndProject
Project("{FAE04EC0-301F-11D3-BF4B-00C04F79EFBC}") = "Unity.TextMeshPro", "Unity.TextMeshPro.csproj", "{ac2f2040-481e-a8fc-e01e-47da5f79a3b3}"
EndProject
Project("{FAE04EC0-301F-11D3-BF4B-00C04F79EFBC}") = "Unity.ProBuilder.Poly2Tri", "Unity.ProBuilder.Poly2Tri.csproj", "{8388168e-b0fa-9383-a101-3da7b0233ebf}"
EndProject
Project("{FAE04EC0-301F-11D3-BF4B-00C04F79EFBC}") = "Cinemachine", "Cinemachine.csproj", "{2cc6f31d-33e7-cd6d-d7cf-0d58d04bd38c}"
EndProject
Project("{FAE04EC0-301F-11D3-BF4B-00C04F79EFBC}") = "Unity.Timeline", "Unity.Timeline.csproj", "{91dfe5aa-e8f2-144c-268a-deddcb78c118}"
EndProject
Project("{FAE04EC0-301F-11D3-BF4B-00C04F79EFBC}") = "Unity.ProBuilder", "Unity.ProBuilder.csproj", "{2e8c1d11-e396-8cf2-3e34-11bc2d413bb0}"
EndProject
Project("{FAE04EC0-301F-11D3-BF4B-00C04F79EFBC}") = "Assembly-CSharp", "Assembly-CSharp.csproj", "{d1fe8721-daf9-19d2-d801-b47d56f75fbc}"
EndProject
Project("{FAE04EC0-301F-11D3-BF4B-00C04F79EFBC}") = "Unity.ProBuilder.Csg", "Unity.ProBuilder.Csg.csproj", "{4d18109e-ef66-75e9-10d6-ee0146b9b3b9}"
EndProject
Project("{FAE04EC0-301F-11D3-BF4B-00C04F79EFBC}") = "Unity.ProBuilder.KdTree", "Unity.ProBuilder.KdTree.csproj", "{efd63bb2-e86e-cad9-539c-c8d76716e26c}"
EndProject
Project("{FAE04EC0-301F-11D3-BF4B-00C04F79EFBC}") = "Unity.RenderPipelines.Core.ShaderLibrary", "Unity.RenderPipelines.Core.ShaderLibrary.csproj", "{77956cda-56c0-7d15-1903-5358e27c4e86}"
EndProject
Project("{FAE04EC0-301F-11D3-BF4B-00C04F79EFBC}") = "Unity.RenderPipeline.Universal.ShaderLibrary", "Unity.RenderPipeline.Universal.ShaderLibrary.csproj", "{0be232e5-6360-8578-16a3-338ed7adc819}"
EndProject
Project("{FAE04EC0-301F-11D3-BF4B-00C04F79EFBC}") = "Unity.ProBuilder.Stl", "Unity.ProBuilder.Stl.csproj", "{6f85ae79-2949-7ad2-7136-f32f7236a0b5}"
EndProject
Project("{FAE04EC0-301F-11D3-BF4B-00C04F79EFBC}") = "Unity.RenderPipelines.Universal.Shaders", "Unity.RenderPipelines.Universal.Shaders.csproj", "{636cd3fe-c94f-9906-fba9-f844908e773f}"
EndProject
Project("{FAE04EC0-301F-11D3-BF4B-00C04F79EFBC}") = "Unity.RenderPipelines.ShaderGraph.ShaderGraphLibrary", "Unity.RenderPipelines.ShaderGraph.ShaderGraphLibrary.csproj", "{dee5ee9f-300b-6dd3-b1c2-4add3ad7f0e7}"
EndProject
Project("{FAE04EC0-301F-11D3-BF4B-00C04F79EFBC}") = "Unity.PlasticSCM.Editor", "Unity.PlasticSCM.Editor.csproj", "{3d1dd8e4-28a6-a1b7-e61a-8103a994a8fe}"
EndProject
Project("{FAE04EC0-301F-11D3-BF4B-00C04F79EFBC}") = "Unity.ShaderGraph.Editor", "Unity.ShaderGraph.Editor.csproj", "{64206cf1-f466-b18d-31b7-7bc71e9161c1}"
EndProject
Project("{FAE04EC0-301F-11D3-BF4B-00C04F79EFBC}") = "Unity.VisualStudio.Editor", "Unity.VisualStudio.Editor.csproj", "{66ddb5f5-9c1d-1a59-7f88-d4e7bd28428a}"
EndProject
Project("{FAE04EC0-301F-11D3-BF4B-00C04F79EFBC}") = "Unity.ProBuilder.Editor", "Unity.ProBuilder.Editor.csproj", "{75086c8e-1a82-3dbf-b2ce-2d35124ce807}"
EndProject
Project("{FAE04EC0-301F-11D3-BF4B-00C04F79EFBC}") = "Unity.Timeline.Editor", "Unity.Timeline.Editor.csproj", "{299397d5-7b11-c538-b38c-b90fb2218afd}"
EndProject
Project("{FAE04EC0-301F-11D3-BF4B-00C04F79EFBC}") = "com.unity.cinemachine.editor", "com.unity.cinemachine.editor.csproj", "{39764380-94d3-a1ef-8780-60cbb1b6df1c}"
EndProject
Project("{FAE04EC0-301F-11D3-BF4B-00C04F79EFBC}") = "Unity.TextMeshPro.Editor", "Unity.TextMeshPro.Editor.csproj", "{e6a43dc4-ecc7-4038-ef86-dcdc839b005f}"
EndProject
Project("{FAE04EC0-301F-11D3-BF4B-00C04F79EFBC}") = "Unity.CollabProxy.Editor", "Unity.CollabProxy.Editor.csproj", "{22c92b4e-a6d6-8c7d-07af-e20b7da21d19}"
EndProject
Project("{FAE04EC0-301F-11D3-BF4B-00C04F79EFBC}") = "UnityEditor.TestRunner", "UnityEditor.TestRunner.csproj", "{140f41dc-d0e8-4af7-a4b3-7c23577ccdc2}"
EndProject
Project("{FAE04EC0-301F-11D3-BF4B-00C04F79EFBC}") = "Unity.Rider.Editor", "Unity.Rider.Editor.csproj", "{fc7fe2be-b524-a6f2-0520-f2b0e5346449}"
EndProject
Project("{FAE04EC0-301F-11D3-BF4B-00C04F79EFBC}") = "Unity.RenderPipelines.Universal.Editor", "Unity.RenderPipelines.Universal.Editor.csproj", "{b38d6527-bab5-8837-4b08-371eda869ac6}"
EndProject
Project("{FAE04EC0-301F-11D3-BF4B-00C04F79EFBC}") = "Unity.RenderPipelines.Core.Editor", "Unity.RenderPipelines.Core.Editor.csproj", "{fed23289-8b59-785f-0ed2-c0a80d599cef}"
EndProject
Project("{FAE04EC0-301F-11D3-BF4B-00C04F79EFBC}") = "Unity.Searcher.Editor", "Unity.Searcher.Editor.csproj", "{bb765fd9-cfbd-0b06-8933-457b93d72a88}"
EndProject
Project("{FAE04EC0-301F-11D3-BF4B-00C04F79EFBC}") = "Unity.VSCode.Editor", "Unity.VSCode.Editor.csproj", "{3beb01f7-5450-68e6-9d6f-7ece75f6cf58}"
EndProject
Project("{FAE04EC0-301F-11D3-BF4B-00C04F79EFBC}") = "Unity.ProBuilder.AssetIdRemapUtility", "Unity.ProBuilder.AssetIdRemapUtility.csproj", "{e5e0ac86-7bea-351e-df4f-697ae0ebf53c}"
EndProject
Project("{FAE04EC0-301F-11D3-BF4B-00C04F79EFBC}") = "UnityEditor.UI", "UnityEditor.UI.csproj", "{cb9afd82-a980-3c87-4724-154d4aeb5182}"
EndProject
Project("{FAE04EC0-301F-11D3-BF4B-00C04F79EFBC}") = "Unity.Settings.Editor", "Unity.Settings.Editor.csproj", "{15f1c6ee-0fe8-42f4-a3a9-f5142fbf9ab5}"
EndProject
Project("{FAE04EC0-301F-11D3-BF4B-00C04F79EFBC}") = "Unity.Mathematics.Editor", "Unity.Mathematics.Editor.csproj", "{71412a02-293a-ebff-ce17-c614b127bc6b}"
EndProject
Project("{FAE04EC0-301F-11D3-BF4B-00C04F79EFBC}") = "Unity.ShaderGraph.Utilities", "Unity.ShaderGraph.Utilities.csproj", "{8b70a3d3-4ccf-0842-bc0f-cdbc416c175c}"
EndProject
Project("{FAE04EC0-301F-11D3-BF4B-00C04F79EFBC}") = "Unity.ProBuilder.AddOns.Editor", "Unity.ProBuilder.AddOns.Editor.csproj", "{5d1695d8-8963-e74f-305b-a9a38ff62e08}"
EndProject
Project("{FAE04EC0-301F-11D3-BF4B-00C04F79EFBC}") = "UnityEngine.UI", "UnityEngine.UI.Player.csproj", "{97952e2e-c510-2adb-d7c0-d9d446f049f6}"
EndProject
Project("{FAE04EC0-301F-11D3-BF4B-00C04F79EFBC}") = "Unity.RenderPipelines.Core.Runtime", "Unity.RenderPipelines.Core.Runtime.Player.csproj", "{bae8c94c-7f6c-92c7-d7cb-c261408e3f65}"
EndProject
Project("{FAE04EC0-301F-11D3-BF4B-00C04F79EFBC}") = "UnityEngine.TestRunner", "UnityEngine.TestRunner.Player.csproj", "{cac590b2-264d-73f7-37cd-3001ec71ebce}"
EndProject
Project("{FAE04EC0-301F-11D3-BF4B-00C04F79EFBC}") = "Unity.Mathematics", "Unity.Mathematics.Player.csproj", "{fbcdcfe4-6191-d023-6fb2-dec62971882e}"
EndProject
Project("{FAE04EC0-301F-11D3-BF4B-00C04F79EFBC}") = "Unity.InputSystem", "Unity.InputSystem.Player.csproj", "{d8e8179d-6dc2-0110-292d-3fdc38f32a11}"
EndProject
Project("{FAE04EC0-301F-11D3-BF4B-00C04F79EFBC}") = "Unity.RenderPipelines.Universal.Runtime", "Unity.RenderPipelines.Universal.Runtime.Player.csproj", "{2e9b9a38-1544-e2db-f318-b1eb4fa7a45a}"
EndProject
Project("{FAE04EC0-301F-11D3-BF4B-00C04F79EFBC}") = "Unity.TextMeshPro", "Unity.TextMeshPro.Player.csproj", "{19f909fe-f7e0-7c1a-2b1d-e3b82afa87da}"
EndProject
Project("{FAE04EC0-301F-11D3-BF4B-00C04F79EFBC}") = "Unity.ProBuilder.Poly2Tri", "Unity.ProBuilder.Poly2Tri.Player.csproj", "{5f80a594-7184-901b-c707-82417208063e}"
EndProject
Project("{FAE04EC0-301F-11D3-BF4B-00C04F79EFBC}") = "Cinemachine", "Cinemachine.Player.csproj", "{adf174b2-8332-3a68-65d4-d10815285bb0}"
EndProject
Project("{FAE04EC0-301F-11D3-BF4B-00C04F79EFBC}") = "Unity.Timeline", "Unity.Timeline.Player.csproj", "{b27ed531-98df-9da5-2d5c-5e0d62a64361}"
EndProject
Project("{FAE04EC0-301F-11D3-BF4B-00C04F79EFBC}") = "Unity.ProBuilder", "Unity.ProBuilder.Player.csproj", "{4f52e55f-8d24-fea5-492f-e2f9430c4102}"
EndProject
Project("{FAE04EC0-301F-11D3-BF4B-00C04F79EFBC}") = "Assembly-CSharp", "Assembly-CSharp.Player.csproj", "{603ff7f3-c01b-3635-56a6-2c39d7fe084f}"
EndProject
Project("{FAE04EC0-301F-11D3-BF4B-00C04F79EFBC}") = "Unity.ProBuilder.Csg", "Unity.ProBuilder.Csg.Player.csproj", "{2224b788-e5ab-38c3-a0bf-258a287f8c15}"
EndProject
Project("{FAE04EC0-301F-11D3-BF4B-00C04F79EFBC}") = "Unity.ProBuilder.KdTree", "Unity.ProBuilder.KdTree.Player.csproj", "{49daff52-d781-2053-d1a6-8cc2fd101e9f}"
EndProject
Project("{FAE04EC0-301F-11D3-BF4B-00C04F79EFBC}") = "Unity.RenderPipelines.Core.ShaderLibrary", "Unity.RenderPipelines.Core.ShaderLibrary.Player.csproj", "{36da8e4a-da90-daee-a7c8-f2368aff6bec}"
EndProject
Project("{FAE04EC0-301F-11D3-BF4B-00C04F79EFBC}") = "Unity.RenderPipeline.Universal.ShaderLibrary", "Unity.RenderPipeline.Universal.ShaderLibrary.Player.csproj", "{af2928af-623e-fd73-db18-0873a3d0a8a5}"
EndProject
Project("{FAE04EC0-301F-11D3-BF4B-00C04F79EFBC}") = "Unity.ProBuilder.Stl", "Unity.ProBuilder.Stl.Player.csproj", "{a03b00b8-e72d-8301-2223-b3e42e9ea5c7}"
EndProject
Project("{FAE04EC0-301F-11D3-BF4B-00C04F79EFBC}") = "Unity.RenderPipelines.Universal.Shaders", "Unity.RenderPipelines.Universal.Shaders.Player.csproj", "{4e5d7b92-cdf3-f8a2-c2fa-5c9daaea22a8}"
EndProject
Project("{FAE04EC0-301F-11D3-BF4B-00C04F79EFBC}") = "Unity.RenderPipelines.ShaderGraph.ShaderGraphLibrary", "Unity.RenderPipelines.ShaderGraph.ShaderGraphLibrary.Player.csproj", "{7c34a77d-b59f-d78b-5eae-8885ac755dc7}"
EndProject
Global
	GlobalSection(SolutionConfigurationPlatforms) = preSolution
		Debug|Any CPU = Debug|Any CPU
		Release|Any CPU = Release|Any CPU
	EndGlobalSection
	GlobalSection(ProjectConfigurationPlatforms) = postSolution
		{9dfa2c13-fad1-b328-8431-c57c2f47642f}.Debug|Any CPU.ActiveCfg = Debug|Any CPU
		{9dfa2c13-fad1-b328-8431-c57c2f47642f}.Debug|Any CPU.Build.0 = Debug|Any CPU
		{9dfa2c13-fad1-b328-8431-c57c2f47642f}.Release|Any CPU.ActiveCfg = Release|Any CPU
		{9dfa2c13-fad1-b328-8431-c57c2f47642f}.Release|Any CPU.Build.0 = Release|Any CPU
		{debcdb10-c224-c336-d78c-799fb33b75cb}.Debug|Any CPU.ActiveCfg = Debug|Any CPU
		{debcdb10-c224-c336-d78c-799fb33b75cb}.Debug|Any CPU.Build.0 = Debug|Any CPU
		{debcdb10-c224-c336-d78c-799fb33b75cb}.Release|Any CPU.ActiveCfg = Release|Any CPU
		{debcdb10-c224-c336-d78c-799fb33b75cb}.Release|Any CPU.Build.0 = Release|Any CPU
		{bf02ef18-8c68-3205-e2d5-6c0c2df0e361}.Debug|Any CPU.ActiveCfg = Debug|Any CPU
		{bf02ef18-8c68-3205-e2d5-6c0c2df0e361}.Debug|Any CPU.Build.0 = Debug|Any CPU
		{bf02ef18-8c68-3205-e2d5-6c0c2df0e361}.Release|Any CPU.ActiveCfg = Release|Any CPU
		{bf02ef18-8c68-3205-e2d5-6c0c2df0e361}.Release|Any CPU.Build.0 = Release|Any CPU
		{e957ce11-43f7-e844-53a4-23d536e9eb10}.Debug|Any CPU.ActiveCfg = Debug|Any CPU
		{e957ce11-43f7-e844-53a4-23d536e9eb10}.Debug|Any CPU.Build.0 = Debug|Any CPU
		{e957ce11-43f7-e844-53a4-23d536e9eb10}.Release|Any CPU.ActiveCfg = Release|Any CPU
		{e957ce11-43f7-e844-53a4-23d536e9eb10}.Release|Any CPU.Build.0 = Release|Any CPU
		{09f6950f-a245-6d3d-a16c-09c9aa84cb9e}.Debug|Any CPU.ActiveCfg = Debug|Any CPU
		{09f6950f-a245-6d3d-a16c-09c9aa84cb9e}.Debug|Any CPU.Build.0 = Debug|Any CPU
		{09f6950f-a245-6d3d-a16c-09c9aa84cb9e}.Release|Any CPU.ActiveCfg = Release|Any CPU
		{09f6950f-a245-6d3d-a16c-09c9aa84cb9e}.Release|Any CPU.Build.0 = Release|Any CPU
		{966d692d-feaf-9e27-3d2c-bc52d3ff2fb6}.Debug|Any CPU.ActiveCfg = Debug|Any CPU
		{966d692d-feaf-9e27-3d2c-bc52d3ff2fb6}.Debug|Any CPU.Build.0 = Debug|Any CPU
		{966d692d-feaf-9e27-3d2c-bc52d3ff2fb6}.Release|Any CPU.ActiveCfg = Release|Any CPU
		{966d692d-feaf-9e27-3d2c-bc52d3ff2fb6}.Release|Any CPU.Build.0 = Release|Any CPU
		{ac2f2040-481e-a8fc-e01e-47da5f79a3b3}.Debug|Any CPU.ActiveCfg = Debug|Any CPU
		{ac2f2040-481e-a8fc-e01e-47da5f79a3b3}.Debug|Any CPU.Build.0 = Debug|Any CPU
		{ac2f2040-481e-a8fc-e01e-47da5f79a3b3}.Release|Any CPU.ActiveCfg = Release|Any CPU
		{ac2f2040-481e-a8fc-e01e-47da5f79a3b3}.Release|Any CPU.Build.0 = Release|Any CPU
		{8388168e-b0fa-9383-a101-3da7b0233ebf}.Debug|Any CPU.ActiveCfg = Debug|Any CPU
		{8388168e-b0fa-9383-a101-3da7b0233ebf}.Debug|Any CPU.Build.0 = Debug|Any CPU
		{8388168e-b0fa-9383-a101-3da7b0233ebf}.Release|Any CPU.ActiveCfg = Release|Any CPU
		{8388168e-b0fa-9383-a101-3da7b0233ebf}.Release|Any CPU.Build.0 = Release|Any CPU
		{2cc6f31d-33e7-cd6d-d7cf-0d58d04bd38c}.Debug|Any CPU.ActiveCfg = Debug|Any CPU
		{2cc6f31d-33e7-cd6d-d7cf-0d58d04bd38c}.Debug|Any CPU.Build.0 = Debug|Any CPU
		{2cc6f31d-33e7-cd6d-d7cf-0d58d04bd38c}.Release|Any CPU.ActiveCfg = Release|Any CPU
		{2cc6f31d-33e7-cd6d-d7cf-0d58d04bd38c}.Release|Any CPU.Build.0 = Release|Any CPU
		{91dfe5aa-e8f2-144c-268a-deddcb78c118}.Debug|Any CPU.ActiveCfg = Debug|Any CPU
		{91dfe5aa-e8f2-144c-268a-deddcb78c118}.Debug|Any CPU.Build.0 = Debug|Any CPU
		{91dfe5aa-e8f2-144c-268a-deddcb78c118}.Release|Any CPU.ActiveCfg = Release|Any CPU
		{91dfe5aa-e8f2-144c-268a-deddcb78c118}.Release|Any CPU.Build.0 = Release|Any CPU
		{2e8c1d11-e396-8cf2-3e34-11bc2d413bb0}.Debug|Any CPU.ActiveCfg = Debug|Any CPU
		{2e8c1d11-e396-8cf2-3e34-11bc2d413bb0}.Debug|Any CPU.Build.0 = Debug|Any CPU
		{2e8c1d11-e396-8cf2-3e34-11bc2d413bb0}.Release|Any CPU.ActiveCfg = Release|Any CPU
		{2e8c1d11-e396-8cf2-3e34-11bc2d413bb0}.Release|Any CPU.Build.0 = Release|Any CPU
		{d1fe8721-daf9-19d2-d801-b47d56f75fbc}.Debug|Any CPU.ActiveCfg = Debug|Any CPU
		{d1fe8721-daf9-19d2-d801-b47d56f75fbc}.Debug|Any CPU.Build.0 = Debug|Any CPU
		{d1fe8721-daf9-19d2-d801-b47d56f75fbc}.Release|Any CPU.ActiveCfg = Release|Any CPU
		{d1fe8721-daf9-19d2-d801-b47d56f75fbc}.Release|Any CPU.Build.0 = Release|Any CPU
		{4d18109e-ef66-75e9-10d6-ee0146b9b3b9}.Debug|Any CPU.ActiveCfg = Debug|Any CPU
		{4d18109e-ef66-75e9-10d6-ee0146b9b3b9}.Debug|Any CPU.Build.0 = Debug|Any CPU
		{4d18109e-ef66-75e9-10d6-ee0146b9b3b9}.Release|Any CPU.ActiveCfg = Release|Any CPU
		{4d18109e-ef66-75e9-10d6-ee0146b9b3b9}.Release|Any CPU.Build.0 = Release|Any CPU
		{efd63bb2-e86e-cad9-539c-c8d76716e26c}.Debug|Any CPU.ActiveCfg = Debug|Any CPU
		{efd63bb2-e86e-cad9-539c-c8d76716e26c}.Debug|Any CPU.Build.0 = Debug|Any CPU
		{efd63bb2-e86e-cad9-539c-c8d76716e26c}.Release|Any CPU.ActiveCfg = Release|Any CPU
		{efd63bb2-e86e-cad9-539c-c8d76716e26c}.Release|Any CPU.Build.0 = Release|Any CPU
		{77956cda-56c0-7d15-1903-5358e27c4e86}.Debug|Any CPU.ActiveCfg = Debug|Any CPU
		{77956cda-56c0-7d15-1903-5358e27c4e86}.Debug|Any CPU.Build.0 = Debug|Any CPU
		{77956cda-56c0-7d15-1903-5358e27c4e86}.Release|Any CPU.ActiveCfg = Release|Any CPU
		{77956cda-56c0-7d15-1903-5358e27c4e86}.Release|Any CPU.Build.0 = Release|Any CPU
		{0be232e5-6360-8578-16a3-338ed7adc819}.Debug|Any CPU.ActiveCfg = Debug|Any CPU
		{0be232e5-6360-8578-16a3-338ed7adc819}.Debug|Any CPU.Build.0 = Debug|Any CPU
		{0be232e5-6360-8578-16a3-338ed7adc819}.Release|Any CPU.ActiveCfg = Release|Any CPU
		{0be232e5-6360-8578-16a3-338ed7adc819}.Release|Any CPU.Build.0 = Release|Any CPU
		{6f85ae79-2949-7ad2-7136-f32f7236a0b5}.Debug|Any CPU.ActiveCfg = Debug|Any CPU
		{6f85ae79-2949-7ad2-7136-f32f7236a0b5}.Debug|Any CPU.Build.0 = Debug|Any CPU
		{6f85ae79-2949-7ad2-7136-f32f7236a0b5}.Release|Any CPU.ActiveCfg = Release|Any CPU
		{6f85ae79-2949-7ad2-7136-f32f7236a0b5}.Release|Any CPU.Build.0 = Release|Any CPU
		{636cd3fe-c94f-9906-fba9-f844908e773f}.Debug|Any CPU.ActiveCfg = Debug|Any CPU
		{636cd3fe-c94f-9906-fba9-f844908e773f}.Debug|Any CPU.Build.0 = Debug|Any CPU
		{636cd3fe-c94f-9906-fba9-f844908e773f}.Release|Any CPU.ActiveCfg = Release|Any CPU
		{636cd3fe-c94f-9906-fba9-f844908e773f}.Release|Any CPU.Build.0 = Release|Any CPU
		{dee5ee9f-300b-6dd3-b1c2-4add3ad7f0e7}.Debug|Any CPU.ActiveCfg = Debug|Any CPU
		{dee5ee9f-300b-6dd3-b1c2-4add3ad7f0e7}.Debug|Any CPU.Build.0 = Debug|Any CPU
		{dee5ee9f-300b-6dd3-b1c2-4add3ad7f0e7}.Release|Any CPU.ActiveCfg = Release|Any CPU
		{dee5ee9f-300b-6dd3-b1c2-4add3ad7f0e7}.Release|Any CPU.Build.0 = Release|Any CPU
		{3d1dd8e4-28a6-a1b7-e61a-8103a994a8fe}.Debug|Any CPU.ActiveCfg = Debug|Any CPU
		{3d1dd8e4-28a6-a1b7-e61a-8103a994a8fe}.Debug|Any CPU.Build.0 = Debug|Any CPU
		{3d1dd8e4-28a6-a1b7-e61a-8103a994a8fe}.Release|Any CPU.ActiveCfg = Release|Any CPU
		{3d1dd8e4-28a6-a1b7-e61a-8103a994a8fe}.Release|Any CPU.Build.0 = Release|Any CPU
		{64206cf1-f466-b18d-31b7-7bc71e9161c1}.Debug|Any CPU.ActiveCfg = Debug|Any CPU
		{64206cf1-f466-b18d-31b7-7bc71e9161c1}.Debug|Any CPU.Build.0 = Debug|Any CPU
		{64206cf1-f466-b18d-31b7-7bc71e9161c1}.Release|Any CPU.ActiveCfg = Release|Any CPU
		{64206cf1-f466-b18d-31b7-7bc71e9161c1}.Release|Any CPU.Build.0 = Release|Any CPU
		{66ddb5f5-9c1d-1a59-7f88-d4e7bd28428a}.Debug|Any CPU.ActiveCfg = Debug|Any CPU
		{66ddb5f5-9c1d-1a59-7f88-d4e7bd28428a}.Debug|Any CPU.Build.0 = Debug|Any CPU
		{66ddb5f5-9c1d-1a59-7f88-d4e7bd28428a}.Release|Any CPU.ActiveCfg = Release|Any CPU
		{66ddb5f5-9c1d-1a59-7f88-d4e7bd28428a}.Release|Any CPU.Build.0 = Release|Any CPU
		{75086c8e-1a82-3dbf-b2ce-2d35124ce807}.Debug|Any CPU.ActiveCfg = Debug|Any CPU
		{75086c8e-1a82-3dbf-b2ce-2d35124ce807}.Debug|Any CPU.Build.0 = Debug|Any CPU
		{75086c8e-1a82-3dbf-b2ce-2d35124ce807}.Release|Any CPU.ActiveCfg = Release|Any CPU
		{75086c8e-1a82-3dbf-b2ce-2d35124ce807}.Release|Any CPU.Build.0 = Release|Any CPU
		{299397d5-7b11-c538-b38c-b90fb2218afd}.Debug|Any CPU.ActiveCfg = Debug|Any CPU
		{299397d5-7b11-c538-b38c-b90fb2218afd}.Debug|Any CPU.Build.0 = Debug|Any CPU
		{299397d5-7b11-c538-b38c-b90fb2218afd}.Release|Any CPU.ActiveCfg = Release|Any CPU
		{299397d5-7b11-c538-b38c-b90fb2218afd}.Release|Any CPU.Build.0 = Release|Any CPU
		{39764380-94d3-a1ef-8780-60cbb1b6df1c}.Debug|Any CPU.ActiveCfg = Debug|Any CPU
		{39764380-94d3-a1ef-8780-60cbb1b6df1c}.Debug|Any CPU.Build.0 = Debug|Any CPU
		{39764380-94d3-a1ef-8780-60cbb1b6df1c}.Release|Any CPU.ActiveCfg = Release|Any CPU
		{39764380-94d3-a1ef-8780-60cbb1b6df1c}.Release|Any CPU.Build.0 = Release|Any CPU
		{e6a43dc4-ecc7-4038-ef86-dcdc839b005f}.Debug|Any CPU.ActiveCfg = Debug|Any CPU
		{e6a43dc4-ecc7-4038-ef86-dcdc839b005f}.Debug|Any CPU.Build.0 = Debug|Any CPU
		{e6a43dc4-ecc7-4038-ef86-dcdc839b005f}.Release|Any CPU.ActiveCfg = Release|Any CPU
		{e6a43dc4-ecc7-4038-ef86-dcdc839b005f}.Release|Any CPU.Build.0 = Release|Any CPU
		{22c92b4e-a6d6-8c7d-07af-e20b7da21d19}.Debug|Any CPU.ActiveCfg = Debug|Any CPU
		{22c92b4e-a6d6-8c7d-07af-e20b7da21d19}.Debug|Any CPU.Build.0 = Debug|Any CPU
		{22c92b4e-a6d6-8c7d-07af-e20b7da21d19}.Release|Any CPU.ActiveCfg = Release|Any CPU
		{22c92b4e-a6d6-8c7d-07af-e20b7da21d19}.Release|Any CPU.Build.0 = Release|Any CPU
		{140f41dc-d0e8-4af7-a4b3-7c23577ccdc2}.Debug|Any CPU.ActiveCfg = Debug|Any CPU
		{140f41dc-d0e8-4af7-a4b3-7c23577ccdc2}.Debug|Any CPU.Build.0 = Debug|Any CPU
		{140f41dc-d0e8-4af7-a4b3-7c23577ccdc2}.Release|Any CPU.ActiveCfg = Release|Any CPU
		{140f41dc-d0e8-4af7-a4b3-7c23577ccdc2}.Release|Any CPU.Build.0 = Release|Any CPU
		{fc7fe2be-b524-a6f2-0520-f2b0e5346449}.Debug|Any CPU.ActiveCfg = Debug|Any CPU
		{fc7fe2be-b524-a6f2-0520-f2b0e5346449}.Debug|Any CPU.Build.0 = Debug|Any CPU
		{fc7fe2be-b524-a6f2-0520-f2b0e5346449}.Release|Any CPU.ActiveCfg = Release|Any CPU
		{fc7fe2be-b524-a6f2-0520-f2b0e5346449}.Release|Any CPU.Build.0 = Release|Any CPU
		{b38d6527-bab5-8837-4b08-371eda869ac6}.Debug|Any CPU.ActiveCfg = Debug|Any CPU
		{b38d6527-bab5-8837-4b08-371eda869ac6}.Debug|Any CPU.Build.0 = Debug|Any CPU
		{b38d6527-bab5-8837-4b08-371eda869ac6}.Release|Any CPU.ActiveCfg = Release|Any CPU
		{b38d6527-bab5-8837-4b08-371eda869ac6}.Release|Any CPU.Build.0 = Release|Any CPU
		{fed23289-8b59-785f-0ed2-c0a80d599cef}.Debug|Any CPU.ActiveCfg = Debug|Any CPU
		{fed23289-8b59-785f-0ed2-c0a80d599cef}.Debug|Any CPU.Build.0 = Debug|Any CPU
		{fed23289-8b59-785f-0ed2-c0a80d599cef}.Release|Any CPU.ActiveCfg = Release|Any CPU
		{fed23289-8b59-785f-0ed2-c0a80d599cef}.Release|Any CPU.Build.0 = Release|Any CPU
		{bb765fd9-cfbd-0b06-8933-457b93d72a88}.Debug|Any CPU.ActiveCfg = Debug|Any CPU
		{bb765fd9-cfbd-0b06-8933-457b93d72a88}.Debug|Any CPU.Build.0 = Debug|Any CPU
		{bb765fd9-cfbd-0b06-8933-457b93d72a88}.Release|Any CPU.ActiveCfg = Release|Any CPU
		{bb765fd9-cfbd-0b06-8933-457b93d72a88}.Release|Any CPU.Build.0 = Release|Any CPU
		{3beb01f7-5450-68e6-9d6f-7ece75f6cf58}.Debug|Any CPU.ActiveCfg = Debug|Any CPU
		{3beb01f7-5450-68e6-9d6f-7ece75f6cf58}.Debug|Any CPU.Build.0 = Debug|Any CPU
		{3beb01f7-5450-68e6-9d6f-7ece75f6cf58}.Release|Any CPU.ActiveCfg = Release|Any CPU
		{3beb01f7-5450-68e6-9d6f-7ece75f6cf58}.Release|Any CPU.Build.0 = Release|Any CPU
		{e5e0ac86-7bea-351e-df4f-697ae0ebf53c}.Debug|Any CPU.ActiveCfg = Debug|Any CPU
		{e5e0ac86-7bea-351e-df4f-697ae0ebf53c}.Debug|Any CPU.Build.0 = Debug|Any CPU
		{e5e0ac86-7bea-351e-df4f-697ae0ebf53c}.Release|Any CPU.ActiveCfg = Release|Any CPU
		{e5e0ac86-7bea-351e-df4f-697ae0ebf53c}.Release|Any CPU.Build.0 = Release|Any CPU
		{cb9afd82-a980-3c87-4724-154d4aeb5182}.Debug|Any CPU.ActiveCfg = Debug|Any CPU
		{cb9afd82-a980-3c87-4724-154d4aeb5182}.Debug|Any CPU.Build.0 = Debug|Any CPU
		{cb9afd82-a980-3c87-4724-154d4aeb5182}.Release|Any CPU.ActiveCfg = Release|Any CPU
		{cb9afd82-a980-3c87-4724-154d4aeb5182}.Release|Any CPU.Build.0 = Release|Any CPU
		{15f1c6ee-0fe8-42f4-a3a9-f5142fbf9ab5}.Debug|Any CPU.ActiveCfg = Debug|Any CPU
		{15f1c6ee-0fe8-42f4-a3a9-f5142fbf9ab5}.Debug|Any CPU.Build.0 = Debug|Any CPU
		{15f1c6ee-0fe8-42f4-a3a9-f5142fbf9ab5}.Release|Any CPU.ActiveCfg = Release|Any CPU
		{15f1c6ee-0fe8-42f4-a3a9-f5142fbf9ab5}.Release|Any CPU.Build.0 = Release|Any CPU
		{71412a02-293a-ebff-ce17-c614b127bc6b}.Debug|Any CPU.ActiveCfg = Debug|Any CPU
		{71412a02-293a-ebff-ce17-c614b127bc6b}.Debug|Any CPU.Build.0 = Debug|Any CPU
		{71412a02-293a-ebff-ce17-c614b127bc6b}.Release|Any CPU.ActiveCfg = Release|Any CPU
		{71412a02-293a-ebff-ce17-c614b127bc6b}.Release|Any CPU.Build.0 = Release|Any CPU
		{8b70a3d3-4ccf-0842-bc0f-cdbc416c175c}.Debug|Any CPU.ActiveCfg = Debug|Any CPU
		{8b70a3d3-4ccf-0842-bc0f-cdbc416c175c}.Debug|Any CPU.Build.0 = Debug|Any CPU
		{8b70a3d3-4ccf-0842-bc0f-cdbc416c175c}.Release|Any CPU.ActiveCfg = Release|Any CPU
		{8b70a3d3-4ccf-0842-bc0f-cdbc416c175c}.Release|Any CPU.Build.0 = Release|Any CPU
		{5d1695d8-8963-e74f-305b-a9a38ff62e08}.Debug|Any CPU.ActiveCfg = Debug|Any CPU
		{5d1695d8-8963-e74f-305b-a9a38ff62e08}.Debug|Any CPU.Build.0 = Debug|Any CPU
		{5d1695d8-8963-e74f-305b-a9a38ff62e08}.Release|Any CPU.ActiveCfg = Release|Any CPU
		{5d1695d8-8963-e74f-305b-a9a38ff62e08}.Release|Any CPU.Build.0 = Release|Any CPU
		{97952e2e-c510-2adb-d7c0-d9d446f049f6}.Debug|Any CPU.ActiveCfg = Debug|Any CPU
		{97952e2e-c510-2adb-d7c0-d9d446f049f6}.Debug|Any CPU.Build.0 = Debug|Any CPU
		{97952e2e-c510-2adb-d7c0-d9d446f049f6}.Release|Any CPU.ActiveCfg = Release|Any CPU
		{97952e2e-c510-2adb-d7c0-d9d446f049f6}.Release|Any CPU.Build.0 = Release|Any CPU
		{bae8c94c-7f6c-92c7-d7cb-c261408e3f65}.Debug|Any CPU.ActiveCfg = Debug|Any CPU
		{bae8c94c-7f6c-92c7-d7cb-c261408e3f65}.Debug|Any CPU.Build.0 = Debug|Any CPU
		{bae8c94c-7f6c-92c7-d7cb-c261408e3f65}.Release|Any CPU.ActiveCfg = Release|Any CPU
		{bae8c94c-7f6c-92c7-d7cb-c261408e3f65}.Release|Any CPU.Build.0 = Release|Any CPU
		{cac590b2-264d-73f7-37cd-3001ec71ebce}.Debug|Any CPU.ActiveCfg = Debug|Any CPU
		{cac590b2-264d-73f7-37cd-3001ec71ebce}.Debug|Any CPU.Build.0 = Debug|Any CPU
		{cac590b2-264d-73f7-37cd-3001ec71ebce}.Release|Any CPU.ActiveCfg = Release|Any CPU
		{cac590b2-264d-73f7-37cd-3001ec71ebce}.Release|Any CPU.Build.0 = Release|Any CPU
		{fbcdcfe4-6191-d023-6fb2-dec62971882e}.Debug|Any CPU.ActiveCfg = Debug|Any CPU
		{fbcdcfe4-6191-d023-6fb2-dec62971882e}.Debug|Any CPU.Build.0 = Debug|Any CPU
		{fbcdcfe4-6191-d023-6fb2-dec62971882e}.Release|Any CPU.ActiveCfg = Release|Any CPU
		{fbcdcfe4-6191-d023-6fb2-dec62971882e}.Release|Any CPU.Build.0 = Release|Any CPU
		{d8e8179d-6dc2-0110-292d-3fdc38f32a11}.Debug|Any CPU.ActiveCfg = Debug|Any CPU
		{d8e8179d-6dc2-0110-292d-3fdc38f32a11}.Debug|Any CPU.Build.0 = Debug|Any CPU
		{d8e8179d-6dc2-0110-292d-3fdc38f32a11}.Release|Any CPU.ActiveCfg = Release|Any CPU
		{d8e8179d-6dc2-0110-292d-3fdc38f32a11}.Release|Any CPU.Build.0 = Release|Any CPU
		{2e9b9a38-1544-e2db-f318-b1eb4fa7a45a}.Debug|Any CPU.ActiveCfg = Debug|Any CPU
		{2e9b9a38-1544-e2db-f318-b1eb4fa7a45a}.Debug|Any CPU.Build.0 = Debug|Any CPU
		{2e9b9a38-1544-e2db-f318-b1eb4fa7a45a}.Release|Any CPU.ActiveCfg = Release|Any CPU
		{2e9b9a38-1544-e2db-f318-b1eb4fa7a45a}.Release|Any CPU.Build.0 = Release|Any CPU
		{19f909fe-f7e0-7c1a-2b1d-e3b82afa87da}.Debug|Any CPU.ActiveCfg = Debug|Any CPU
		{19f909fe-f7e0-7c1a-2b1d-e3b82afa87da}.Debug|Any CPU.Build.0 = Debug|Any CPU
		{19f909fe-f7e0-7c1a-2b1d-e3b82afa87da}.Release|Any CPU.ActiveCfg = Release|Any CPU
		{19f909fe-f7e0-7c1a-2b1d-e3b82afa87da}.Release|Any CPU.Build.0 = Release|Any CPU
		{5f80a594-7184-901b-c707-82417208063e}.Debug|Any CPU.ActiveCfg = Debug|Any CPU
		{5f80a594-7184-901b-c707-82417208063e}.Debug|Any CPU.Build.0 = Debug|Any CPU
		{5f80a594-7184-901b-c707-82417208063e}.Release|Any CPU.ActiveCfg = Release|Any CPU
		{5f80a594-7184-901b-c707-82417208063e}.Release|Any CPU.Build.0 = Release|Any CPU
		{adf174b2-8332-3a68-65d4-d10815285bb0}.Debug|Any CPU.ActiveCfg = Debug|Any CPU
		{adf174b2-8332-3a68-65d4-d10815285bb0}.Debug|Any CPU.Build.0 = Debug|Any CPU
		{adf174b2-8332-3a68-65d4-d10815285bb0}.Release|Any CPU.ActiveCfg = Release|Any CPU
		{adf174b2-8332-3a68-65d4-d10815285bb0}.Release|Any CPU.Build.0 = Release|Any CPU
		{b27ed531-98df-9da5-2d5c-5e0d62a64361}.Debug|Any CPU.ActiveCfg = Debug|Any CPU
		{b27ed531-98df-9da5-2d5c-5e0d62a64361}.Debug|Any CPU.Build.0 = Debug|Any CPU
		{b27ed531-98df-9da5-2d5c-5e0d62a64361}.Release|Any CPU.ActiveCfg = Release|Any CPU
		{b27ed531-98df-9da5-2d5c-5e0d62a64361}.Release|Any CPU.Build.0 = Release|Any CPU
		{4f52e55f-8d24-fea5-492f-e2f9430c4102}.Debug|Any CPU.ActiveCfg = Debug|Any CPU
		{4f52e55f-8d24-fea5-492f-e2f9430c4102}.Debug|Any CPU.Build.0 = Debug|Any CPU
		{4f52e55f-8d24-fea5-492f-e2f9430c4102}.Release|Any CPU.ActiveCfg = Release|Any CPU
		{4f52e55f-8d24-fea5-492f-e2f9430c4102}.Release|Any CPU.Build.0 = Release|Any CPU
		{603ff7f3-c01b-3635-56a6-2c39d7fe084f}.Debug|Any CPU.ActiveCfg = Debug|Any CPU
		{603ff7f3-c01b-3635-56a6-2c39d7fe084f}.Debug|Any CPU.Build.0 = Debug|Any CPU
		{603ff7f3-c01b-3635-56a6-2c39d7fe084f}.Release|Any CPU.ActiveCfg = Release|Any CPU
		{603ff7f3-c01b-3635-56a6-2c39d7fe084f}.Release|Any CPU.Build.0 = Release|Any CPU
		{2224b788-e5ab-38c3-a0bf-258a287f8c15}.Debug|Any CPU.ActiveCfg = Debug|Any CPU
		{2224b788-e5ab-38c3-a0bf-258a287f8c15}.Debug|Any CPU.Build.0 = Debug|Any CPU
		{2224b788-e5ab-38c3-a0bf-258a287f8c15}.Release|Any CPU.ActiveCfg = Release|Any CPU
		{2224b788-e5ab-38c3-a0bf-258a287f8c15}.Release|Any CPU.Build.0 = Release|Any CPU
		{49daff52-d781-2053-d1a6-8cc2fd101e9f}.Debug|Any CPU.ActiveCfg = Debug|Any CPU
		{49daff52-d781-2053-d1a6-8cc2fd101e9f}.Debug|Any CPU.Build.0 = Debug|Any CPU
		{49daff52-d781-2053-d1a6-8cc2fd101e9f}.Release|Any CPU.ActiveCfg = Release|Any CPU
		{49daff52-d781-2053-d1a6-8cc2fd101e9f}.Release|Any CPU.Build.0 = Release|Any CPU
		{36da8e4a-da90-daee-a7c8-f2368aff6bec}.Debug|Any CPU.ActiveCfg = Debug|Any CPU
		{36da8e4a-da90-daee-a7c8-f2368aff6bec}.Debug|Any CPU.Build.0 = Debug|Any CPU
		{36da8e4a-da90-daee-a7c8-f2368aff6bec}.Release|Any CPU.ActiveCfg = Release|Any CPU
		{36da8e4a-da90-daee-a7c8-f2368aff6bec}.Release|Any CPU.Build.0 = Release|Any CPU
		{af2928af-623e-fd73-db18-0873a3d0a8a5}.Debug|Any CPU.ActiveCfg = Debug|Any CPU
		{af2928af-623e-fd73-db18-0873a3d0a8a5}.Debug|Any CPU.Build.0 = Debug|Any CPU
		{af2928af-623e-fd73-db18-0873a3d0a8a5}.Release|Any CPU.ActiveCfg = Release|Any CPU
		{af2928af-623e-fd73-db18-0873a3d0a8a5}.Release|Any CPU.Build.0 = Release|Any CPU
		{a03b00b8-e72d-8301-2223-b3e42e9ea5c7}.Debug|Any CPU.ActiveCfg = Debug|Any CPU
		{a03b00b8-e72d-8301-2223-b3e42e9ea5c7}.Debug|Any CPU.Build.0 = Debug|Any CPU
		{a03b00b8-e72d-8301-2223-b3e42e9ea5c7}.Release|Any CPU.ActiveCfg = Release|Any CPU
		{a03b00b8-e72d-8301-2223-b3e42e9ea5c7}.Release|Any CPU.Build.0 = Release|Any CPU
		{4e5d7b92-cdf3-f8a2-c2fa-5c9daaea22a8}.Debug|Any CPU.ActiveCfg = Debug|Any CPU
		{4e5d7b92-cdf3-f8a2-c2fa-5c9daaea22a8}.Debug|Any CPU.Build.0 = Debug|Any CPU
		{4e5d7b92-cdf3-f8a2-c2fa-5c9daaea22a8}.Release|Any CPU.ActiveCfg = Release|Any CPU
		{4e5d7b92-cdf3-f8a2-c2fa-5c9daaea22a8}.Release|Any CPU.Build.0 = Release|Any CPU
		{7c34a77d-b59f-d78b-5eae-8885ac755dc7}.Debug|Any CPU.ActiveCfg = Debug|Any CPU
		{7c34a77d-b59f-d78b-5eae-8885ac755dc7}.Debug|Any CPU.Build.0 = Debug|Any CPU
		{7c34a77d-b59f-d78b-5eae-8885ac755dc7}.Release|Any CPU.ActiveCfg = Release|Any CPU
		{7c34a77d-b59f-d78b-5eae-8885ac755dc7}.Release|Any CPU.Build.0 = Release|Any CPU
	EndGlobalSection
	GlobalSection(SolutionProperties) = preSolution
		HideSolutionNode = FALSE
	EndGlobalSection
EndGlobal
