
<<<<<<< Updated upstream
Microsoft Visual Studio Solution File, Format Version 12.00
# Visual Studio 15
Project("{FAE04EC0-301F-11D3-BF4B-00C04F79EFBC}") = "Assembly-CSharp", "Assembly-CSharp.csproj", "{2187FED1-F9DA-D219-D801-B47D56F75FBC}"
=======
<<<<<<< HEAD
Microsoft Visual Studio Solution File, Format Version 11.00
# Visual Studio 2010
Project("{FAE04EC0-301F-11D3-BF4B-00C04F79EFBC}") = "Assembly-CSharp", "Assembly-CSharp.csproj", "{d1fe8721-daf9-19d2-d801-b47d56f75fbc}"
=======
Microsoft Visual Studio Solution File, Format Version 12.00
# Visual Studio 15
Project("{FAE04EC0-301F-11D3-BF4B-00C04F79EFBC}") = "Assembly-CSharp", "Assembly-CSharp.csproj", "{2187FED1-F9DA-D219-D801-B47D56F75FBC}"
>>>>>>> fd2b8752c90bd548c0f16a3442bdb9f9fad00061
>>>>>>> Stashed changes
EndProject
Global
	GlobalSection(SolutionConfigurationPlatforms) = preSolution
		Debug|Any CPU = Debug|Any CPU
		Release|Any CPU = Release|Any CPU
	EndGlobalSection
	GlobalSection(ProjectConfigurationPlatforms) = postSolution
<<<<<<< Updated upstream
=======
<<<<<<< HEAD
		{d1fe8721-daf9-19d2-d801-b47d56f75fbc}.Debug|Any CPU.ActiveCfg = Debug|Any CPU
		{d1fe8721-daf9-19d2-d801-b47d56f75fbc}.Debug|Any CPU.Build.0 = Debug|Any CPU
		{d1fe8721-daf9-19d2-d801-b47d56f75fbc}.Release|Any CPU.ActiveCfg = Release|Any CPU
		{d1fe8721-daf9-19d2-d801-b47d56f75fbc}.Release|Any CPU.Build.0 = Release|Any CPU
=======
>>>>>>> Stashed changes
		{2187FED1-F9DA-D219-D801-B47D56F75FBC}.Debug|Any CPU.ActiveCfg = Debug|Any CPU
		{2187FED1-F9DA-D219-D801-B47D56F75FBC}.Debug|Any CPU.Build.0 = Debug|Any CPU
		{2187FED1-F9DA-D219-D801-B47D56F75FBC}.Release|Any CPU.ActiveCfg = Release|Any CPU
		{2187FED1-F9DA-D219-D801-B47D56F75FBC}.Release|Any CPU.Build.0 = Release|Any CPU
<<<<<<< Updated upstream
=======
>>>>>>> fd2b8752c90bd548c0f16a3442bdb9f9fad00061
>>>>>>> Stashed changes
	EndGlobalSection
	GlobalSection(SolutionProperties) = preSolution
		HideSolutionNode = FALSE
	EndGlobalSection
EndGlobal
